// !$*UTF8*$!
{
	archiveVersion = 1;
	classes = {
	};
	objectVersion = 46;
	objects = {

/* Begin PBXBuildFile section */
		362624101DC99A4A0066BF7E /* AppDelegate.swift in Sources */ = {isa = PBXBuildFile; fileRef = 3626240F1DC99A4A0066BF7E /* AppDelegate.swift */; };
		362624121DC99A4A0066BF7E /* ViewController.swift in Sources */ = {isa = PBXBuildFile; fileRef = 362624111DC99A4A0066BF7E /* ViewController.swift */; };
		362624151DC99A4A0066BF7E /* Main.storyboard in Resources */ = {isa = PBXBuildFile; fileRef = 362624131DC99A4A0066BF7E /* Main.storyboard */; };
		362624171DC99A4A0066BF7E /* Assets.xcassets in Resources */ = {isa = PBXBuildFile; fileRef = 362624161DC99A4A0066BF7E /* Assets.xcassets */; };
		3626241A1DC99A4A0066BF7E /* LaunchScreen.storyboard in Resources */ = {isa = PBXBuildFile; fileRef = 362624181DC99A4A0066BF7E /* LaunchScreen.storyboard */; };
		362624251DC99A4A0066BF7E /* HamburgerDemoTests.swift in Sources */ = {isa = PBXBuildFile; fileRef = 362624241DC99A4A0066BF7E /* HamburgerDemoTests.swift */; };
		362624301DC99A4A0066BF7E /* HamburgerDemoUITests.swift in Sources */ = {isa = PBXBuildFile; fileRef = 3626242F1DC99A4A0066BF7E /* HamburgerDemoUITests.swift */; };
/* End PBXBuildFile section */

/* Begin PBXContainerItemProxy section */
		362624211DC99A4A0066BF7E /* PBXContainerItemProxy */ = {
			isa = PBXContainerItemProxy;
			containerPortal = 362624041DC99A4A0066BF7E /* Project object */;
			proxyType = 1;
			remoteGlobalIDString = 3626240B1DC99A4A0066BF7E;
			remoteInfo = HamburgerDemo;
		};
		3626242C1DC99A4A0066BF7E /* PBXContainerItemProxy */ = {
			isa = PBXContainerItemProxy;
			containerPortal = 362624041DC99A4A0066BF7E /* Project object */;
			proxyType = 1;
			remoteGlobalIDString = 3626240B1DC99A4A0066BF7E;
			remoteInfo = HamburgerDemo;
		};
/* End PBXContainerItemProxy section */

/* Begin PBXFileReference section */
		3626240C1DC99A4A0066BF7E /* HamburgerDemo.app */ = {isa = PBXFileReference; explicitFileType = wrapper.application; includeInIndex = 0; path = HamburgerDemo.app; sourceTree = BUILT_PRODUCTS_DIR; };
		3626240F1DC99A4A0066BF7E /* AppDelegate.swift */ = {isa = PBXFileReference; lastKnownFileType = sourcecode.swift; path = AppDelegate.swift; sourceTree = "<group>"; };
		362624111DC99A4A0066BF7E /* ViewController.swift */ = {isa = PBXFileReference; lastKnownFileType = sourcecode.swift; path = ViewController.swift; sourceTree = "<group>"; };
		362624141DC99A4A0066BF7E /* Base */ = {isa = PBXFileReference; lastKnownFileType = file.storyboard; name = Base; path = Base.lproj/Main.storyboard; sourceTree = "<group>"; };
		362624161DC99A4A0066BF7E /* Assets.xcassets */ = {isa = PBXFileReference; lastKnownFileType = folder.assetcatalog; path = Assets.xcassets; sourceTree = "<group>"; };
		362624191DC99A4A0066BF7E /* Base */ = {isa = PBXFileReference; lastKnownFileType = file.storyboard; name = Base; path = Base.lproj/LaunchScreen.storyboard; sourceTree = "<group>"; };
		3626241B1DC99A4A0066BF7E /* Info.plist */ = {isa = PBXFileReference; lastKnownFileType = text.plist.xml; path = Info.plist; sourceTree = "<group>"; };
		362624201DC99A4A0066BF7E /* HamburgerDemoTests.xctest */ = {isa = PBXFileReference; explicitFileType = wrapper.cfbundle; includeInIndex = 0; path = HamburgerDemoTests.xctest; sourceTree = BUILT_PRODUCTS_DIR; };
		362624241DC99A4A0066BF7E /* HamburgerDemoTests.swift */ = {isa = PBXFileReference; lastKnownFileType = sourcecode.swift; path = HamburgerDemoTests.swift; sourceTree = "<group>"; };
		362624261DC99A4A0066BF7E /* Info.plist */ = {isa = PBXFileReference; lastKnownFileType = text.plist.xml; path = Info.plist; sourceTree = "<group>"; };
		3626242B1DC99A4A0066BF7E /* HamburgerDemoUITests.xctest */ = {isa = PBXFileReference; explicitFileType = wrapper.cfbundle; includeInIndex = 0; path = HamburgerDemoUITests.xctest; sourceTree = BUILT_PRODUCTS_DIR; };
		3626242F1DC99A4A0066BF7E /* HamburgerDemoUITests.swift */ = {isa = PBXFileReference; lastKnownFileType = sourcecode.swift; path = HamburgerDemoUITests.swift; sourceTree = "<group>"; };
		362624311DC99A4A0066BF7E /* Info.plist */ = {isa = PBXFileReference; lastKnownFileType = text.plist.xml; path = Info.plist; sourceTree = "<group>"; };
/* End PBXFileReference section */

/* Begin PBXFrameworksBuildPhase section */
		362624091DC99A4A0066BF7E /* Frameworks */ = {
			isa = PBXFrameworksBuildPhase;
			buildActionMask = 2147483647;
			files = (
			);
			runOnlyForDeploymentPostprocessing = 0;
		};
		3626241D1DC99A4A0066BF7E /* Frameworks */ = {
			isa = PBXFrameworksBuildPhase;
			buildActionMask = 2147483647;
			files = (
			);
			runOnlyForDeploymentPostprocessing = 0;
		};
		362624281DC99A4A0066BF7E /* Frameworks */ = {
			isa = PBXFrameworksBuildPhase;
			buildActionMask = 2147483647;
			files = (
			);
			runOnlyForDeploymentPostprocessing = 0;
		};
/* End PBXFrameworksBuildPhase section */

/* Begin PBXGroup section */
		362624031DC99A4A0066BF7E = {
			isa = PBXGroup;
			children = (
				3626240E1DC99A4A0066BF7E /* HamburgerDemo */,
				362624231DC99A4A0066BF7E /* HamburgerDemoTests */,
				3626242E1DC99A4A0066BF7E /* HamburgerDemoUITests */,
				3626240D1DC99A4A0066BF7E /* Products */,
			);
			sourceTree = "<group>";
		};
		3626240D1DC99A4A0066BF7E /* Products */ = {
			isa = PBXGroup;
			children = (
				3626240C1DC99A4A0066BF7E /* HamburgerDemo.app */,
				362624201DC99A4A0066BF7E /* HamburgerDemoTests.xctest */,
				3626242B1DC99A4A0066BF7E /* HamburgerDemoUITests.xctest */,
			);
			name = Products;
			sourceTree = "<group>";
		};
		3626240E1DC99A4A0066BF7E /* HamburgerDemo */ = {
			isa = PBXGroup;
			children = (
				3626240F1DC99A4A0066BF7E /* AppDelegate.swift */,
				362624111DC99A4A0066BF7E /* ViewController.swift */,
				362624131DC99A4A0066BF7E /* Main.storyboard */,
				362624161DC99A4A0066BF7E /* Assets.xcassets */,
				362624181DC99A4A0066BF7E /* LaunchScreen.storyboard */,
				3626241B1DC99A4A0066BF7E /* Info.plist */,
			);
			path = HamburgerDemo;
			sourceTree = "<group>";
		};
		362624231DC99A4A0066BF7E /* HamburgerDemoTests */ = {
			isa = PBXGroup;
			children = (
				362624241DC99A4A0066BF7E /* HamburgerDemoTests.swift */,
				362624261DC99A4A0066BF7E /* Info.plist */,
			);
			path = HamburgerDemoTests;
			sourceTree = "<group>";
		};
		3626242E1DC99A4A0066BF7E /* HamburgerDemoUITests */ = {
			isa = PBXGroup;
			children = (
				3626242F1DC99A4A0066BF7E /* HamburgerDemoUITests.swift */,
				362624311DC99A4A0066BF7E /* Info.plist */,
			);
			path = HamburgerDemoUITests;
			sourceTree = "<group>";
		};
/* End PBXGroup section */

/* Begin PBXNativeTarget section */
		3626240B1DC99A4A0066BF7E /* HamburgerDemo */ = {
			isa = PBXNativeTarget;
			buildConfigurationList = 362624341DC99A4A0066BF7E /* Build configuration list for PBXNativeTarget "HamburgerDemo" */;
			buildPhases = (
				362624081DC99A4A0066BF7E /* Sources */,
				362624091DC99A4A0066BF7E /* Frameworks */,
				3626240A1DC99A4A0066BF7E /* Resources */,
			);
			buildRules = (
			);
			dependencies = (
			);
			name = HamburgerDemo;
			productName = HamburgerDemo;
			productReference = 3626240C1DC99A4A0066BF7E /* HamburgerDemo.app */;
			productType = "com.apple.product-type.application";
		};
		3626241F1DC99A4A0066BF7E /* HamburgerDemoTests */ = {
			isa = PBXNativeTarget;
			buildConfigurationList = 362624371DC99A4A0066BF7E /* Build configuration list for PBXNativeTarget "HamburgerDemoTests" */;
			buildPhases = (
				3626241C1DC99A4A0066BF7E /* Sources */,
				3626241D1DC99A4A0066BF7E /* Frameworks */,
				3626241E1DC99A4A0066BF7E /* Resources */,
			);
			buildRules = (
			);
			dependencies = (
				362624221DC99A4A0066BF7E /* PBXTargetDependency */,
			);
			name = HamburgerDemoTests;
			productName = HamburgerDemoTests;
			productReference = 362624201DC99A4A0066BF7E /* HamburgerDemoTests.xctest */;
			productType = "com.apple.product-type.bundle.unit-test";
		};
		3626242A1DC99A4A0066BF7E /* HamburgerDemoUITests */ = {
			isa = PBXNativeTarget;
			buildConfigurationList = 3626243A1DC99A4A0066BF7E /* Build configuration list for PBXNativeTarget "HamburgerDemoUITests" */;
			buildPhases = (
				362624271DC99A4A0066BF7E /* Sources */,
				362624281DC99A4A0066BF7E /* Frameworks */,
				362624291DC99A4A0066BF7E /* Resources */,
			);
			buildRules = (
			);
			dependencies = (
				3626242D1DC99A4A0066BF7E /* PBXTargetDependency */,
			);
			name = HamburgerDemoUITests;
			productName = HamburgerDemoUITests;
			productReference = 3626242B1DC99A4A0066BF7E /* HamburgerDemoUITests.xctest */;
			productType = "com.apple.product-type.bundle.ui-testing";
		};
/* End PBXNativeTarget section */

/* Begin PBXProject section */
		362624041DC99A4A0066BF7E /* Project object */ = {
			isa = PBXProject;
			attributes = {
				LastSwiftUpdateCheck = 0800;
				LastUpgradeCheck = 0800;
				ORGANIZATIONNAME = "Kyler Blue";
				TargetAttributes = {
					3626240B1DC99A4A0066BF7E = {
						CreatedOnToolsVersion = 8.0;
						DevelopmentTeam = JGX23C4G8F;
						ProvisioningStyle = Automatic;
					};
					3626241F1DC99A4A0066BF7E = {
						CreatedOnToolsVersion = 8.0;
						DevelopmentTeam = JGX23C4G8F;
						ProvisioningStyle = Automatic;
						TestTargetID = 3626240B1DC99A4A0066BF7E;
					};
					3626242A1DC99A4A0066BF7E = {
						CreatedOnToolsVersion = 8.0;
						DevelopmentTeam = JGX23C4G8F;
						ProvisioningStyle = Automatic;
						TestTargetID = 3626240B1DC99A4A0066BF7E;
					};
				};
			};
			buildConfigurationList = 362624071DC99A4A0066BF7E /* Build configuration list for PBXProject "HamburgerDemo" */;
			compatibilityVersion = "Xcode 3.2";
			developmentRegion = English;
			hasScannedForEncodings = 0;
			knownRegions = (
				en,
				Base,
			);
			mainGroup = 362624031DC99A4A0066BF7E;
			productRefGroup = 3626240D1DC99A4A0066BF7E /* Products */;
			projectDirPath = "";
			projectRoot = "";
			targets = (
				3626240B1DC99A4A0066BF7E /* HamburgerDemo */,
				3626241F1DC99A4A0066BF7E /* HamburgerDemoTests */,
				3626242A1DC99A4A0066BF7E /* HamburgerDemoUITests */,
			);
		};
/* End PBXProject section */

/* Begin PBXResourcesBuildPhase section */
		3626240A1DC99A4A0066BF7E /* Resources */ = {
			isa = PBXResourcesBuildPhase;
			buildActionMask = 2147483647;
			files = (
				3626241A1DC99A4A0066BF7E /* LaunchScreen.storyboard in Resources */,
				362624171DC99A4A0066BF7E /* Assets.xcassets in Resources */,
				362624151DC99A4A0066BF7E /* Main.storyboard in Resources */,
			);
			runOnlyForDeploymentPostprocessing = 0;
		};
		3626241E1DC99A4A0066BF7E /* Resources */ = {
			isa = PBXResourcesBuildPhase;
			buildActionMask = 2147483647;
			files = (
			);
			runOnlyForDeploymentPostprocessing = 0;
		};
		362624291DC99A4A0066BF7E /* Resources */ = {
			isa = PBXResourcesBuildPhase;
			buildActionMask = 2147483647;
			files = (
			);
			runOnlyForDeploymentPostprocessing = 0;
		};
/* End PBXResourcesBuildPhase section */

/* Begin PBXSourcesBuildPhase section */
		362624081DC99A4A0066BF7E /* Sources */ = {
			isa = PBXSourcesBuildPhase;
			buildActionMask = 2147483647;
			files = (
				362624121DC99A4A0066BF7E /* ViewController.swift in Sources */,
				362624101DC99A4A0066BF7E /* AppDelegate.swift in Sources */,
			);
			runOnlyForDeploymentPostprocessing = 0;
		};
		3626241C1DC99A4A0066BF7E /* Sources */ = {
			isa = PBXSourcesBuildPhase;
			buildActionMask = 2147483647;
			files = (
				362624251DC99A4A0066BF7E /* HamburgerDemoTests.swift in Sources */,
			);
			runOnlyForDeploymentPostprocessing = 0;
		};
		362624271DC99A4A0066BF7E /* Sources */ = {
			isa = PBXSourcesBuildPhase;
			buildActionMask = 2147483647;
			files = (
				362624301DC99A4A0066BF7E /* HamburgerDemoUITests.swift in Sources */,
			);
			runOnlyForDeploymentPostprocessing = 0;
		};
/* End PBXSourcesBuildPhase section */

/* Begin PBXTargetDependency section */
		362624221DC99A4A0066BF7E /* PBXTargetDependency */ = {
			isa = PBXTargetDependency;
			target = 3626240B1DC99A4A0066BF7E /* HamburgerDemo */;
			targetProxy = 362624211DC99A4A0066BF7E /* PBXContainerItemProxy */;
		};
		3626242D1DC99A4A0066BF7E /* PBXTargetDependency */ = {
			isa = PBXTargetDependency;
			target = 3626240B1DC99A4A0066BF7E /* HamburgerDemo */;
			targetProxy = 3626242C1DC99A4A0066BF7E /* PBXContainerItemProxy */;
		};
/* End PBXTargetDependency section */

/* Begin PBXVariantGroup section */
		362624131DC99A4A0066BF7E /* Main.storyboard */ = {
			isa = PBXVariantGroup;
			children = (
				362624141DC99A4A0066BF7E /* Base */,
			);
			name = Main.storyboard;
			sourceTree = "<group>";
		};
		362624181DC99A4A0066BF7E /* LaunchScreen.storyboard */ = {
			isa = PBXVariantGroup;
			children = (
				362624191DC99A4A0066BF7E /* Base */,
			);
			name = LaunchScreen.storyboard;
			sourceTree = "<group>";
		};
/* End PBXVariantGroup section */

/* Begin XCBuildConfiguration section */
		362624321DC99A4A0066BF7E /* Debug */ = {
			isa = XCBuildConfiguration;
			buildSettings = {
				ALWAYS_SEARCH_USER_PATHS = NO;
				CLANG_ANALYZER_NONNULL = YES;
				CLANG_CXX_LANGUAGE_STANDARD = "gnu++0x";
				CLANG_CXX_LIBRARY = "libc++";
				CLANG_ENABLE_MODULES = YES;
				CLANG_ENABLE_OBJC_ARC = YES;
				CLANG_WARN_BOOL_CONVERSION = YES;
				CLANG_WARN_CONSTANT_CONVERSION = YES;
				CLANG_WARN_DIRECT_OBJC_ISA_USAGE = YES_ERROR;
				CLANG_WARN_DOCUMENTATION_COMMENTS = YES;
				CLANG_WARN_EMPTY_BODY = YES;
				CLANG_WARN_ENUM_CONVERSION = YES;
				CLANG_WARN_INFINITE_RECURSION = YES;
				CLANG_WARN_INT_CONVERSION = YES;
				CLANG_WARN_OBJC_ROOT_CLASS = YES_ERROR;
				CLANG_WARN_SUSPICIOUS_MOVES = YES;
				CLANG_WARN_UNREACHABLE_CODE = YES;
				CLANG_WARN__DUPLICATE_METHOD_MATCH = YES;
				"CODE_SIGN_IDENTITY[sdk=iphoneos*]" = "iPhone Developer";
				COPY_PHASE_STRIP = NO;
				DEBUG_INFORMATION_FORMAT = dwarf;
				ENABLE_STRICT_OBJC_MSGSEND = YES;
				ENABLE_TESTABILITY = YES;
				GCC_C_LANGUAGE_STANDARD = gnu99;
				GCC_DYNAMIC_NO_PIC = NO;
				GCC_NO_COMMON_BLOCKS = YES;
				GCC_OPTIMIZATION_LEVEL = 0;
				GCC_PREPROCESSOR_DEFINITIONS = (
					"DEBUG=1",
					"$(inherited)",
				);
				GCC_WARN_64_TO_32_BIT_CONVERSION = YES;
				GCC_WARN_ABOUT_RETURN_TYPE = YES_ERROR;
				GCC_WARN_UNDECLARED_SELECTOR = YES;
				GCC_WARN_UNINITIALIZED_AUTOS = YES_AGGRESSIVE;
				GCC_WARN_UNUSED_FUNCTION = YES;
				GCC_WARN_UNUSED_VARIABLE = YES;
				IPHONEOS_DEPLOYMENT_TARGET = 10.0;
				MTL_ENABLE_DEBUG_INFO = YES;
				ONLY_ACTIVE_ARCH = YES;
				SDKROOT = iphoneos;
				SWIFT_ACTIVE_COMPILATION_CONDITIONS = DEBUG;
				SWIFT_OPTIMIZATION_LEVEL = "-Onone";
				TARGETED_DEVICE_FAMILY = "1,2";
			};
			name = Debug;
		};
		362624331DC99A4A0066BF7E /* Release */ = {
			isa = XCBuildConfiguration;
			buildSettings = {
				ALWAYS_SEARCH_USER_PATHS = NO;
				CLANG_ANALYZER_NONNULL = YES;
				CLANG_CXX_LANGUAGE_STANDARD = "gnu++0x";
				CLANG_CXX_LIBRARY = "libc++";
				CLANG_ENABLE_MODULES = YES;
				CLANG_ENABLE_OBJC_ARC = YES;
				CLANG_WARN_BOOL_CONVERSION = YES;
				CLANG_WARN_CONSTANT_CONVERSION = YES;
				CLANG_WARN_DIRECT_OBJC_ISA_USAGE = YES_ERROR;
				CLANG_WARN_DOCUMENTATION_COMMENTS = YES;
				CLANG_WARN_EMPTY_BODY = YES;
				CLANG_WARN_ENUM_CONVERSION = YES;
				CLANG_WARN_INFINITE_RECURSION = YES;
				CLANG_WARN_INT_CONVERSION = YES;
				CLANG_WARN_OBJC_ROOT_CLASS = YES_ERROR;
				CLANG_WARN_SUSPICIOUS_MOVES = YES;
				CLANG_WARN_UNREACHABLE_CODE = YES;
				CLANG_WARN__DUPLICATE_METHOD_MATCH = YES;
				"CODE_SIGN_IDENTITY[sdk=iphoneos*]" = "iPhone Developer";
				COPY_PHASE_STRIP = NO;
				DEBUG_INFORMATION_FORMAT = "dwarf-with-dsym";
				ENABLE_NS_ASSERTIONS = NO;
				ENABLE_STRICT_OBJC_MSGSEND = YES;
				GCC_C_LANGUAGE_STANDARD = gnu99;
				GCC_NO_COMMON_BLOCKS = YES;
				GCC_WARN_64_TO_32_BIT_CONVERSION = YES;
				GCC_WARN_ABOUT_RETURN_TYPE = YES_ERROR;
				GCC_WARN_UNDECLARED_SELECTOR = YES;
				GCC_WARN_UNINITIALIZED_AUTOS = YES_AGGRESSIVE;
				GCC_WARN_UNUSED_FUNCTION = YES;
				GCC_WARN_UNUSED_VARIABLE = YES;
				IPHONEOS_DEPLOYMENT_TARGET = 10.0;
				MTL_ENABLE_DEBUG_INFO = NO;
				SDKROOT = iphoneos;
				SWIFT_OPTIMIZATION_LEVEL = "-Owholemodule";
				TARGETED_DEVICE_FAMILY = "1,2";
				VALIDATE_PRODUCT = YES;
			};
			name = Release;
		};
		362624351DC99A4A0066BF7E /* Debug */ = {
			isa = XCBuildConfiguration;
			buildSettings = {
				ASSETCATALOG_COMPILER_APPICON_NAME = AppIcon;
				DEVELOPMENT_TEAM = JGX23C4G8F;
				INFOPLIST_FILE = HamburgerDemo/Info.plist;
				LD_RUNPATH_SEARCH_PATHS = "$(inherited) @executable_path/Frameworks";
				PRODUCT_BUNDLE_IDENTIFIER = com.kylerblue.HamburgerDemo;
				PRODUCT_NAME = "$(TARGET_NAME)";
				SWIFT_VERSION = 3.0;
			};
			name = Debug;
		};
		362624361DC99A4A0066BF7E /* Release */ = {
			isa = XCBuildConfiguration;
			buildSettings = {
				ASSETCATALOG_COMPILER_APPICON_NAME = AppIcon;
				DEVELOPMENT_TEAM = JGX23C4G8F;
				INFOPLIST_FILE = HamburgerDemo/Info.plist;
				LD_RUNPATH_SEARCH_PATHS = "$(inherited) @executable_path/Frameworks";
				PRODUCT_BUNDLE_IDENTIFIER = com.kylerblue.HamburgerDemo;
				PRODUCT_NAME = "$(TARGET_NAME)";
				SWIFT_VERSION = 3.0;
			};
			name = Release;
		};
		362624381DC99A4A0066BF7E /* Debug */ = {
			isa = XCBuildConfiguration;
			buildSettings = {
				ALWAYS_EMBED_SWIFT_STANDARD_LIBRARIES = YES;
				BUNDLE_LOADER = "$(TEST_HOST)";
				DEVELOPMENT_TEAM = JGX23C4G8F;
				INFOPLIST_FILE = HamburgerDemoTests/Info.plist;
				LD_RUNPATH_SEARCH_PATHS = "$(inherited) @executable_path/Frameworks @loader_path/Frameworks";
				PRODUCT_BUNDLE_IDENTIFIER = com.kylerblue.HamburgerDemoTests;
				PRODUCT_NAME = "$(TARGET_NAME)";
				SWIFT_VERSION = 3.0;
				TEST_HOST = "$(BUILT_PRODUCTS_DIR)/HamburgerDemo.app/HamburgerDemo";
			};
			name = Debug;
		};
		362624391DC99A4A0066BF7E /* Release */ = {
			isa = XCBuildConfiguration;
			buildSettings = {
				ALWAYS_EMBED_SWIFT_STANDARD_LIBRARIES = YES;
				BUNDLE_LOADER = "$(TEST_HOST)";
				DEVELOPMENT_TEAM = JGX23C4G8F;
				INFOPLIST_FILE = HamburgerDemoTests/Info.plist;
				LD_RUNPATH_SEARCH_PATHS = "$(inherited) @executable_path/Frameworks @loader_path/Frameworks";
				PRODUCT_BUNDLE_IDENTIFIER = com.kylerblue.HamburgerDemoTests;
				PRODUCT_NAME = "$(TARGET_NAME)";
				SWIFT_VERSION = 3.0;
				TEST_HOST = "$(BUILT_PRODUCTS_DIR)/HamburgerDemo.app/HamburgerDemo";
			};
			name = Release;
		};
		3626243B1DC99A4A0066BF7E /* Debug */ = {
			isa = XCBuildConfiguration;
			buildSettings = {
				ALWAYS_EMBED_SWIFT_STANDARD_LIBRARIES = YES;
				DEVELOPMENT_TEAM = JGX23C4G8F;
				INFOPLIST_FILE = HamburgerDemoUITests/Info.plist;
				LD_RUNPATH_SEARCH_PATHS = "$(inherited) @executable_path/Frameworks @loader_path/Frameworks";
				PRODUCT_BUNDLE_IDENTIFIER = com.kylerblue.HamburgerDemoUITests;
				PRODUCT_NAME = "$(TARGET_NAME)";
				SWIFT_VERSION = 3.0;
				TEST_TARGET_NAME = HamburgerDemo;
			};
			name = Debug;
		};
		3626243C1DC99A4A0066BF7E /* Release */ = {
			isa = XCBuildConfiguration;
			buildSettings = {
				ALWAYS_EMBED_SWIFT_STANDARD_LIBRARIES = YES;
				DEVELOPMENT_TEAM = JGX23C4G8F;
				INFOPLIST_FILE = HamburgerDemoUITests/Info.plist;
				LD_RUNPATH_SEARCH_PATHS = "$(inherited) @executable_path/Frameworks @loader_path/Frameworks";
				PRODUCT_BUNDLE_IDENTIFIER = com.kylerblue.HamburgerDemoUITests;
				PRODUCT_NAME = "$(TARGET_NAME)";
				SWIFT_VERSION = 3.0;
				TEST_TARGET_NAME = HamburgerDemo;
			};
			name = Release;
		};
/* End XCBuildConfiguration section */

/* Begin XCConfigurationList section */
		362624071DC99A4A0066BF7E /* Build configuration list for PBXProject "HamburgerDemo" */ = {
			isa = XCConfigurationList;
			buildConfigurations = (
				362624321DC99A4A0066BF7E /* Debug */,
				362624331DC99A4A0066BF7E /* Release */,
			);
			defaultConfigurationIsVisible = 0;
			defaultConfigurationName = Release;
		};
		362624341DC99A4A0066BF7E /* Build configuration list for PBXNativeTarget "HamburgerDemo" */ = {
			isa = XCConfigurationList;
			buildConfigurations = (
				362624351DC99A4A0066BF7E /* Debug */,
				362624361DC99A4A0066BF7E /* Release */,
			);
			defaultConfigurationIsVisible = 0;
		};
		362624371DC99A4A0066BF7E /* Build configuration list for PBXNativeTarget "HamburgerDemoTests" */ = {
			isa = XCConfigurationList;
			buildConfigurations = (
				362624381DC99A4A0066BF7E /* Debug */,
				362624391DC99A4A0066BF7E /* Release */,
			);
			defaultConfigurationIsVisible = 0;
		};
		3626243A1DC99A4A0066BF7E /* Build configuration list for PBXNativeTarget "HamburgerDemoUITests" */ = {
			isa = XCConfigurationList;
			buildConfigurations = (
				3626243B1DC99A4A0066BF7E /* Debug */,
				3626243C1DC99A4A0066BF7E /* Release */,
			);
			defaultConfigurationIsVisible = 0;
		};
/* End XCConfigurationList section */
	};
	rootObject = 362624041DC99A4A0066BF7E /* Project object */;
}
